
Microsoft Visual Studio Solution File, Format Version 12.00
# Visual Studio Version 17
VisualStudioVersion = 17.10.34707.107
MinimumVisualStudioVersion = 10.0.40219.1
Project("{FAE04EC0-301F-11D3-BF4B-00C04F79EFBC}") = "RefTestVisual", "RefTestVisual\RefTestVisual.csproj", "{E46BCD26-E3AF-4978-A480-9B85ADD9A168}"
EndProject
Project("{9A19103F-16F7-4668-BE54-9A1E7A4F7556}") = "RefTest.OSC", "RefTest.OSC\RefTest.OSC.csproj", "{75C52920-D28B-4E1A-BE0B-312C6C4C2CD5}"
EndProject
Global
	GlobalSection(SolutionConfigurationPlatforms) = preSolution
		Debug|Any CPU = Debug|Any CPU
		Release|Any CPU = Release|Any CPU
	EndGlobalSection
	GlobalSection(ProjectConfigurationPlatforms) = postSolution
		{E46BCD26-E3AF-4978-A480-9B85ADD9A168}.Debug|Any CPU.ActiveCfg = Debug|Any CPU
		{E46BCD26-E3AF-4978-A480-9B85ADD9A168}.Debug|Any CPU.Build.0 = Debug|Any CPU
		{E46BCD26-E3AF-4978-A480-9B85ADD9A168}.Release|Any CPU.ActiveCfg = Release|Any CPU
		{E46BCD26-E3AF-4978-A480-9B85ADD9A168}.Release|Any CPU.Build.0 = Release|Any CPU
		{75C52920-D28B-4E1A-BE0B-312C6C4C2CD5}.Debug|Any CPU.ActiveCfg = Debug|Any CPU
		{75C52920-D28B-4E1A-BE0B-312C6C4C2CD5}.Debug|Any CPU.Build.0 = Debug|Any CPU
		{75C52920-D28B-4E1A-BE0B-312C6C4C2CD5}.Release|Any CPU.ActiveCfg = Release|Any CPU
		{75C52920-D28B-4E1A-BE0B-312C6C4C2CD5}.Release|Any CPU.Build.0 = Release|Any CPU
	EndGlobalSection
	GlobalSection(SolutionProperties) = preSolution
		HideSolutionNode = FALSE
	EndGlobalSection
	GlobalSection(ExtensibilityGlobals) = postSolution
		SolutionGuid = {F040AD16-1E8A-491F-8DA7-5C386161DDC0}
	EndGlobalSection
EndGlobal
